// !$*UTF8*$!
{
	archiveVersion = 1;
	classes = {
	};
	objectVersion = 56;
	objects = {

/* Begin PBXBuildFile section */
		711C9AB82B05B8A600E2A204 /* AppDelegate.swift in Sources */ = {isa = PBXBuildFile; fileRef = 711C9AB72B05B8A600E2A204 /* AppDelegate.swift */; };
		711C9AC22B05B8A600E2A204 /* AnimatedLabel.xcdatamodeld in Sources */ = {isa = PBXBuildFile; fileRef = 711C9AC02B05B8A600E2A204 /* AnimatedLabel.xcdatamodeld */; };
		711C9AC42B05B8A700E2A204 /* Assets.xcassets in Resources */ = {isa = PBXBuildFile; fileRef = 711C9AC32B05B8A700E2A204 /* Assets.xcassets */; };
		711C9AC72B05B8A700E2A204 /* LaunchScreen.storyboard in Resources */ = {isa = PBXBuildFile; fileRef = 711C9AC52B05B8A700E2A204 /* LaunchScreen.storyboard */; };
		711C9AD62B05B9EA00E2A204 /* AppRouter.swift in Sources */ = {isa = PBXBuildFile; fileRef = 711C9AD52B05B9EA00E2A204 /* AppRouter.swift */; };
		711C9ADA2B05BA3100E2A204 /* AppCoreContract.swift in Sources */ = {isa = PBXBuildFile; fileRef = 711C9AD92B05BA3100E2A204 /* AppCoreContract.swift */; };
		711C9ADD2B05BA7500E2A204 /* AppUILayerType.swift in Sources */ = {isa = PBXBuildFile; fileRef = 711C9ADC2B05BA7500E2A204 /* AppUILayerType.swift */; };
		711C9ADF2B05BA9300E2A204 /* AppUILayer.swift in Sources */ = {isa = PBXBuildFile; fileRef = 711C9ADE2B05BA9300E2A204 /* AppUILayer.swift */; };
		711C9AE32B05BAD800E2A204 /* AppUILayerStyleWorker.swift in Sources */ = {isa = PBXBuildFile; fileRef = 711C9AE22B05BAD800E2A204 /* AppUILayerStyleWorker.swift */; };
		711C9AE52B05BB4900E2A204 /* AppUILayerStyleWorkerContract.swift in Sources */ = {isa = PBXBuildFile; fileRef = 711C9AE42B05BB4900E2A204 /* AppUILayerStyleWorkerContract.swift */; };
		711C9AE82B05BC3700E2A204 /* AppUILayerDeviceWorkerContract.swift in Sources */ = {isa = PBXBuildFile; fileRef = 711C9AE72B05BC3700E2A204 /* AppUILayerDeviceWorkerContract.swift */; };
		711C9AEA2B05BC5500E2A204 /* AppUILayerDeviceWorker.swift in Sources */ = {isa = PBXBuildFile; fileRef = 711C9AE92B05BC5500E2A204 /* AppUILayerDeviceWorker.swift */; };
		711C9AEF2B05BCD500E2A204 /* ItemModel.swift in Sources */ = {isa = PBXBuildFile; fileRef = 711C9AEE2B05BCD500E2A204 /* ItemModel.swift */; };
		711C9AF12B05BD0500E2A204 /* AppCore.swift in Sources */ = {isa = PBXBuildFile; fileRef = 711C9AF02B05BD0500E2A204 /* AppCore.swift */; };
		711C9AF42B05BD8300E2A204 /* Logger.swift in Sources */ = {isa = PBXBuildFile; fileRef = 711C9AF32B05BD8300E2A204 /* Logger.swift */; };
		711C9AF82B05BDB500E2A204 /* BaseViewController.swift in Sources */ = {isa = PBXBuildFile; fileRef = 711C9AF72B05BDB400E2A204 /* BaseViewController.swift */; };
		711C9AFA2B05BDD000E2A204 /* NibLoadableView.swift in Sources */ = {isa = PBXBuildFile; fileRef = 711C9AF92B05BDD000E2A204 /* NibLoadableView.swift */; };
		711C9B082B05BDFE00E2A204 /* InitialScenePresenter.swift in Sources */ = {isa = PBXBuildFile; fileRef = 711C9AFC2B05BDFE00E2A204 /* InitialScenePresenter.swift */; };
		711C9B092B05BDFE00E2A204 /* InitialSceneRouterContract.swift in Sources */ = {isa = PBXBuildFile; fileRef = 711C9AFD2B05BDFE00E2A204 /* InitialSceneRouterContract.swift */; };
		711C9B0A2B05BDFE00E2A204 /* InitialSceneRouter.swift in Sources */ = {isa = PBXBuildFile; fileRef = 711C9AFE2B05BDFE00E2A204 /* InitialSceneRouter.swift */; };
		711C9B0B2B05BDFE00E2A204 /* InitialSceneViewController.swift in Sources */ = {isa = PBXBuildFile; fileRef = 711C9AFF2B05BDFE00E2A204 /* InitialSceneViewController.swift */; };
		711C9B0C2B05BDFE00E2A204 /* InitialSceneInteractor.swift in Sources */ = {isa = PBXBuildFile; fileRef = 711C9B002B05BDFE00E2A204 /* InitialSceneInteractor.swift */; };
		711C9B0D2B05BDFE00E2A204 /* InitialSceneInteractorService.swift in Sources */ = {isa = PBXBuildFile; fileRef = 711C9B012B05BDFE00E2A204 /* InitialSceneInteractorService.swift */; };
		711C9B0E2B05BDFE00E2A204 /* InitialSceneInteractorContract.swift in Sources */ = {isa = PBXBuildFile; fileRef = 711C9B022B05BDFE00E2A204 /* InitialSceneInteractorContract.swift */; };
		711C9B0F2B05BDFE00E2A204 /* InitialSceneViewModel.swift in Sources */ = {isa = PBXBuildFile; fileRef = 711C9B032B05BDFE00E2A204 /* InitialSceneViewModel.swift */; };
		711C9B102B05BDFE00E2A204 /* InitialSceneViewController.xib in Resources */ = {isa = PBXBuildFile; fileRef = 711C9B042B05BDFE00E2A204 /* InitialSceneViewController.xib */; };
		711C9B112B05BDFE00E2A204 /* InitialSceneViewControllerContract.swift in Sources */ = {isa = PBXBuildFile; fileRef = 711C9B052B05BDFE00E2A204 /* InitialSceneViewControllerContract.swift */; };
		711C9B122B05BDFE00E2A204 /* InitialScenePresenterContract.swift in Sources */ = {isa = PBXBuildFile; fileRef = 711C9B062B05BDFE00E2A204 /* InitialScenePresenterContract.swift */; };
		711C9B132B05BDFE00E2A204 /* InitialScenePresenterService.swift in Sources */ = {isa = PBXBuildFile; fileRef = 711C9B072B05BDFE00E2A204 /* InitialScenePresenterService.swift */; };
/* End PBXBuildFile section */

/* Begin PBXFileReference section */
		711C9AB42B05B8A600E2A204 /* AnimatedLabel.app */ = {isa = PBXFileReference; explicitFileType = wrapper.application; includeInIndex = 0; path = AnimatedLabel.app; sourceTree = BUILT_PRODUCTS_DIR; };
		711C9AB72B05B8A600E2A204 /* AppDelegate.swift */ = {isa = PBXFileReference; lastKnownFileType = sourcecode.swift; path = AppDelegate.swift; sourceTree = "<group>"; };
		711C9AC12B05B8A600E2A204 /* AnimatedLabel.xcdatamodel */ = {isa = PBXFileReference; lastKnownFileType = wrapper.xcdatamodel; path = AnimatedLabel.xcdatamodel; sourceTree = "<group>"; };
		711C9AC32B05B8A700E2A204 /* Assets.xcassets */ = {isa = PBXFileReference; lastKnownFileType = folder.assetcatalog; path = Assets.xcassets; sourceTree = "<group>"; };
		711C9AC62B05B8A700E2A204 /* Base */ = {isa = PBXFileReference; lastKnownFileType = file.storyboard; name = Base; path = Base.lproj/LaunchScreen.storyboard; sourceTree = "<group>"; };
		711C9AC82B05B8A700E2A204 /* Info.plist */ = {isa = PBXFileReference; lastKnownFileType = text.plist.xml; path = Info.plist; sourceTree = "<group>"; };
		711C9AD52B05B9EA00E2A204 /* AppRouter.swift */ = {isa = PBXFileReference; lastKnownFileType = sourcecode.swift; path = AppRouter.swift; sourceTree = "<group>"; };
		711C9AD92B05BA3100E2A204 /* AppCoreContract.swift */ = {isa = PBXFileReference; lastKnownFileType = sourcecode.swift; path = AppCoreContract.swift; sourceTree = "<group>"; };
		711C9ADC2B05BA7500E2A204 /* AppUILayerType.swift */ = {isa = PBXFileReference; lastKnownFileType = sourcecode.swift; path = AppUILayerType.swift; sourceTree = "<group>"; };
		711C9ADE2B05BA9300E2A204 /* AppUILayer.swift */ = {isa = PBXFileReference; lastKnownFileType = sourcecode.swift; path = AppUILayer.swift; sourceTree = "<group>"; };
		711C9AE22B05BAD800E2A204 /* AppUILayerStyleWorker.swift */ = {isa = PBXFileReference; lastKnownFileType = sourcecode.swift; path = AppUILayerStyleWorker.swift; sourceTree = "<group>"; };
		711C9AE42B05BB4900E2A204 /* AppUILayerStyleWorkerContract.swift */ = {isa = PBXFileReference; lastKnownFileType = sourcecode.swift; path = AppUILayerStyleWorkerContract.swift; sourceTree = "<group>"; };
		711C9AE72B05BC3700E2A204 /* AppUILayerDeviceWorkerContract.swift */ = {isa = PBXFileReference; lastKnownFileType = sourcecode.swift; path = AppUILayerDeviceWorkerContract.swift; sourceTree = "<group>"; };
		711C9AE92B05BC5500E2A204 /* AppUILayerDeviceWorker.swift */ = {isa = PBXFileReference; lastKnownFileType = sourcecode.swift; path = AppUILayerDeviceWorker.swift; sourceTree = "<group>"; };
		711C9AEE2B05BCD500E2A204 /* ItemModel.swift */ = {isa = PBXFileReference; lastKnownFileType = sourcecode.swift; path = ItemModel.swift; sourceTree = "<group>"; };
		711C9AF02B05BD0500E2A204 /* AppCore.swift */ = {isa = PBXFileReference; lastKnownFileType = sourcecode.swift; path = AppCore.swift; sourceTree = "<group>"; };
		711C9AF32B05BD8300E2A204 /* Logger.swift */ = {isa = PBXFileReference; lastKnownFileType = sourcecode.swift; path = Logger.swift; sourceTree = "<group>"; };
		711C9AF72B05BDB400E2A204 /* BaseViewController.swift */ = {isa = PBXFileReference; lastKnownFileType = sourcecode.swift; path = BaseViewController.swift; sourceTree = "<group>"; };
		711C9AF92B05BDD000E2A204 /* NibLoadableView.swift */ = {isa = PBXFileReference; lastKnownFileType = sourcecode.swift; path = NibLoadableView.swift; sourceTree = "<group>"; };
		711C9AFC2B05BDFE00E2A204 /* InitialScenePresenter.swift */ = {isa = PBXFileReference; lastKnownFileType = sourcecode.swift; path = InitialScenePresenter.swift; sourceTree = "<group>"; };
		711C9AFD2B05BDFE00E2A204 /* InitialSceneRouterContract.swift */ = {isa = PBXFileReference; lastKnownFileType = sourcecode.swift; path = InitialSceneRouterContract.swift; sourceTree = "<group>"; };
		711C9AFE2B05BDFE00E2A204 /* InitialSceneRouter.swift */ = {isa = PBXFileReference; lastKnownFileType = sourcecode.swift; path = InitialSceneRouter.swift; sourceTree = "<group>"; };
		711C9AFF2B05BDFE00E2A204 /* InitialSceneViewController.swift */ = {isa = PBXFileReference; lastKnownFileType = sourcecode.swift; path = InitialSceneViewController.swift; sourceTree = "<group>"; };
		711C9B002B05BDFE00E2A204 /* InitialSceneInteractor.swift */ = {isa = PBXFileReference; lastKnownFileType = sourcecode.swift; path = InitialSceneInteractor.swift; sourceTree = "<group>"; };
		711C9B012B05BDFE00E2A204 /* InitialSceneInteractorService.swift */ = {isa = PBXFileReference; lastKnownFileType = sourcecode.swift; path = InitialSceneInteractorService.swift; sourceTree = "<group>"; };
		711C9B022B05BDFE00E2A204 /* InitialSceneInteractorContract.swift */ = {isa = PBXFileReference; lastKnownFileType = sourcecode.swift; path = InitialSceneInteractorContract.swift; sourceTree = "<group>"; };
		711C9B032B05BDFE00E2A204 /* InitialSceneViewModel.swift */ = {isa = PBXFileReference; lastKnownFileType = sourcecode.swift; path = InitialSceneViewModel.swift; sourceTree = "<group>"; };
		711C9B042B05BDFE00E2A204 /* InitialSceneViewController.xib */ = {isa = PBXFileReference; lastKnownFileType = file.xib; path = InitialSceneViewController.xib; sourceTree = "<group>"; };
		711C9B052B05BDFE00E2A204 /* InitialSceneViewControllerContract.swift */ = {isa = PBXFileReference; lastKnownFileType = sourcecode.swift; path = InitialSceneViewControllerContract.swift; sourceTree = "<group>"; };
		711C9B062B05BDFE00E2A204 /* InitialScenePresenterContract.swift */ = {isa = PBXFileReference; lastKnownFileType = sourcecode.swift; path = InitialScenePresenterContract.swift; sourceTree = "<group>"; };
		711C9B072B05BDFE00E2A204 /* InitialScenePresenterService.swift */ = {isa = PBXFileReference; lastKnownFileType = sourcecode.swift; path = InitialScenePresenterService.swift; sourceTree = "<group>"; };
/* End PBXFileReference section */

/* Begin PBXFrameworksBuildPhase section */
		711C9AB12B05B8A600E2A204 /* Frameworks */ = {
			isa = PBXFrameworksBuildPhase;
			buildActionMask = 2147483647;
			files = (
			);
			runOnlyForDeploymentPostprocessing = 0;
		};
/* End PBXFrameworksBuildPhase section */

/* Begin PBXGroup section */
		711C9AAB2B05B8A600E2A204 = {
			isa = PBXGroup;
			children = (
				711C9AB62B05B8A600E2A204 /* AnimatedLabel */,
				711C9AB52B05B8A600E2A204 /* Products */,
			);
			sourceTree = "<group>";
		};
		711C9AB52B05B8A600E2A204 /* Products */ = {
			isa = PBXGroup;
			children = (
				711C9AB42B05B8A600E2A204 /* AnimatedLabel.app */,
			);
			name = Products;
			sourceTree = "<group>";
		};
		711C9AB62B05B8A600E2A204 /* AnimatedLabel */ = {
			isa = PBXGroup;
			children = (
				711C9AD22B05B99F00E2A204 /* Application */,
				711C9AF52B05BD9D00E2A204 /* Common */,
				711C9AF62B05BDA500E2A204 /* Modules */,
				711C9ACE2B05B97100E2A204 /* Sources */,
				711C9ACF2B05B97C00E2A204 /* LaunchScreen */,
				711C9AD02B05B98700E2A204 /* SupportingFiles */,
				711C9AD12B05B99200E2A204 /* Database */,
			);
			path = AnimatedLabel;
			sourceTree = "<group>";
		};
		711C9ACE2B05B97100E2A204 /* Sources */ = {
			isa = PBXGroup;
			children = (
				711C9AC32B05B8A700E2A204 /* Assets.xcassets */,
			);
			path = Sources;
			sourceTree = "<group>";
		};
		711C9ACF2B05B97C00E2A204 /* LaunchScreen */ = {
			isa = PBXGroup;
			children = (
				711C9AC52B05B8A700E2A204 /* LaunchScreen.storyboard */,
			);
			path = LaunchScreen;
			sourceTree = "<group>";
		};
		711C9AD02B05B98700E2A204 /* SupportingFiles */ = {
			isa = PBXGroup;
			children = (
				711C9AC82B05B8A700E2A204 /* Info.plist */,
			);
			path = SupportingFiles;
			sourceTree = "<group>";
		};
		711C9AD12B05B99200E2A204 /* Database */ = {
			isa = PBXGroup;
			children = (
				711C9AC02B05B8A600E2A204 /* AnimatedLabel.xcdatamodeld */,
			);
			path = Database;
			sourceTree = "<group>";
		};
		711C9AD22B05B99F00E2A204 /* Application */ = {
			isa = PBXGroup;
			children = (
				711C9AD42B05B9E000E2A204 /* AppRouter */,
				711C9AD32B05B9AB00E2A204 /* AppDelegate */,
				711C9AD72B05BA1000E2A204 /* AppCore */,
				711C9AF22B05BD6100E2A204 /* Utilities */,
			);
			path = Application;
			sourceTree = "<group>";
		};
		711C9AD32B05B9AB00E2A204 /* AppDelegate */ = {
			isa = PBXGroup;
			children = (
				711C9AB72B05B8A600E2A204 /* AppDelegate.swift */,
			);
			path = AppDelegate;
			sourceTree = "<group>";
		};
		711C9AD42B05B9E000E2A204 /* AppRouter */ = {
			isa = PBXGroup;
			children = (
				711C9AD52B05B9EA00E2A204 /* AppRouter.swift */,
			);
			path = AppRouter;
			sourceTree = "<group>";
		};
		711C9AD72B05BA1000E2A204 /* AppCore */ = {
			isa = PBXGroup;
			children = (
				711C9AD82B05BA2200E2A204 /* Layers */,
				711C9AF02B05BD0500E2A204 /* AppCore.swift */,
				711C9AD92B05BA3100E2A204 /* AppCoreContract.swift */,
			);
			path = AppCore;
			sourceTree = "<group>";
		};
		711C9AD82B05BA2200E2A204 /* Layers */ = {
			isa = PBXGroup;
			children = (
				711C9AEB2B05BCB300E2A204 /* DataLayer */,
				711C9ADB2B05BA5C00E2A204 /* UILayer */,
			);
			path = Layers;
			sourceTree = "<group>";
		};
		711C9ADB2B05BA5C00E2A204 /* UILayer */ = {
			isa = PBXGroup;
			children = (
				711C9AE02B05BAB900E2A204 /* Workers */,
				711C9ADE2B05BA9300E2A204 /* AppUILayer.swift */,
				711C9ADC2B05BA7500E2A204 /* AppUILayerType.swift */,
			);
			path = UILayer;
			sourceTree = "<group>";
		};
		711C9AE02B05BAB900E2A204 /* Workers */ = {
			isa = PBXGroup;
			children = (
				711C9AE62B05BC1D00E2A204 /* DeviceWorker */,
				711C9AE12B05BAC400E2A204 /* StyleWorker */,
			);
			path = Workers;
			sourceTree = "<group>";
		};
		711C9AE12B05BAC400E2A204 /* StyleWorker */ = {
			isa = PBXGroup;
			children = (
				711C9AE22B05BAD800E2A204 /* AppUILayerStyleWorker.swift */,
				711C9AE42B05BB4900E2A204 /* AppUILayerStyleWorkerContract.swift */,
			);
			path = StyleWorker;
			sourceTree = "<group>";
		};
		711C9AE62B05BC1D00E2A204 /* DeviceWorker */ = {
			isa = PBXGroup;
			children = (
				711C9AE92B05BC5500E2A204 /* AppUILayerDeviceWorker.swift */,
				711C9AE72B05BC3700E2A204 /* AppUILayerDeviceWorkerContract.swift */,
			);
			path = DeviceWorker;
			sourceTree = "<group>";
		};
		711C9AEB2B05BCB300E2A204 /* DataLayer */ = {
			isa = PBXGroup;
			children = (
				711C9AEC2B05BCBB00E2A204 /* Models */,
			);
			path = DataLayer;
			sourceTree = "<group>";
		};
		711C9AEC2B05BCBB00E2A204 /* Models */ = {
			isa = PBXGroup;
			children = (
				711C9AED2B05BCC400E2A204 /* ItemModel */,
			);
			path = Models;
			sourceTree = "<group>";
		};
		711C9AED2B05BCC400E2A204 /* ItemModel */ = {
			isa = PBXGroup;
			children = (
				711C9AEE2B05BCD500E2A204 /* ItemModel.swift */,
			);
			path = ItemModel;
			sourceTree = "<group>";
		};
		711C9AF22B05BD6100E2A204 /* Utilities */ = {
			isa = PBXGroup;
			children = (
				711C9AF32B05BD8300E2A204 /* Logger.swift */,
			);
			path = Utilities;
			sourceTree = "<group>";
		};
		711C9AF52B05BD9D00E2A204 /* Common */ = {
			isa = PBXGroup;
			children = (
				711C9AF72B05BDB400E2A204 /* BaseViewController.swift */,
				711C9AF92B05BDD000E2A204 /* NibLoadableView.swift */,
			);
			path = Common;
			sourceTree = "<group>";
		};
		711C9AF62B05BDA500E2A204 /* Modules */ = {
			isa = PBXGroup;
			children = (
				711C9AFB2B05BDEC00E2A204 /* InitialScene */,
			);
			path = Modules;
			sourceTree = "<group>";
		};
		711C9AFB2B05BDEC00E2A204 /* InitialScene */ = {
			isa = PBXGroup;
			children = (
				711C9AFC2B05BDFE00E2A204 /* InitialScenePresenter.swift */,
				711C9AFD2B05BDFE00E2A204 /* InitialSceneRouterContract.swift */,
				711C9AFE2B05BDFE00E2A204 /* InitialSceneRouter.swift */,
				711C9AFF2B05BDFE00E2A204 /* InitialSceneViewController.swift */,
				711C9B002B05BDFE00E2A204 /* InitialSceneInteractor.swift */,
				711C9B012B05BDFE00E2A204 /* InitialSceneInteractorService.swift */,
				711C9B022B05BDFE00E2A204 /* InitialSceneInteractorContract.swift */,
				711C9B032B05BDFE00E2A204 /* InitialSceneViewModel.swift */,
				711C9B042B05BDFE00E2A204 /* InitialSceneViewController.xib */,
				711C9B052B05BDFE00E2A204 /* InitialSceneViewControllerContract.swift */,
				711C9B062B05BDFE00E2A204 /* InitialScenePresenterContract.swift */,
				711C9B072B05BDFE00E2A204 /* InitialScenePresenterService.swift */,
			);
			path = InitialScene;
			sourceTree = "<group>";
		};
/* End PBXGroup section */

/* Begin PBXNativeTarget section */
		711C9AB32B05B8A600E2A204 /* AnimatedLabel */ = {
			isa = PBXNativeTarget;
			buildConfigurationList = 711C9ACB2B05B8A700E2A204 /* Build configuration list for PBXNativeTarget "AnimatedLabel" */;
			buildPhases = (
				711C9AB02B05B8A600E2A204 /* Sources */,
				711C9AB12B05B8A600E2A204 /* Frameworks */,
				711C9AB22B05B8A600E2A204 /* Resources */,
			);
			buildRules = (
			);
			dependencies = (
			);
			name = AnimatedLabel;
			productName = AnimatedLabel;
			productReference = 711C9AB42B05B8A600E2A204 /* AnimatedLabel.app */;
			productType = "com.apple.product-type.application";
		};
/* End PBXNativeTarget section */

/* Begin PBXProject section */
		711C9AAC2B05B8A600E2A204 /* Project object */ = {
			isa = PBXProject;
			attributes = {
				BuildIndependentTargetsInParallel = 1;
				LastSwiftUpdateCheck = 1500;
				LastUpgradeCheck = 1500;
				TargetAttributes = {
					711C9AB32B05B8A600E2A204 = {
						CreatedOnToolsVersion = 15.0.1;
					};
				};
			};
			buildConfigurationList = 711C9AAF2B05B8A600E2A204 /* Build configuration list for PBXProject "AnimatedLabel" */;
			compatibilityVersion = "Xcode 14.0";
			developmentRegion = en;
			hasScannedForEncodings = 0;
			knownRegions = (
				en,
				Base,
			);
			mainGroup = 711C9AAB2B05B8A600E2A204;
			productRefGroup = 711C9AB52B05B8A600E2A204 /* Products */;
			projectDirPath = "";
			projectRoot = "";
			targets = (
				711C9AB32B05B8A600E2A204 /* AnimatedLabel */,
			);
		};
/* End PBXProject section */

/* Begin PBXResourcesBuildPhase section */
		711C9AB22B05B8A600E2A204 /* Resources */ = {
			isa = PBXResourcesBuildPhase;
			buildActionMask = 2147483647;
			files = (
				711C9B102B05BDFE00E2A204 /* InitialSceneViewController.xib in Resources */,
				711C9AC72B05B8A700E2A204 /* LaunchScreen.storyboard in Resources */,
				711C9AC42B05B8A700E2A204 /* Assets.xcassets in Resources */,
			);
			runOnlyForDeploymentPostprocessing = 0;
		};
/* End PBXResourcesBuildPhase section */

/* Begin PBXSourcesBuildPhase section */
		711C9AB02B05B8A600E2A204 /* Sources */ = {
			isa = PBXSourcesBuildPhase;
			buildActionMask = 2147483647;
			files = (
				711C9B132B05BDFE00E2A204 /* InitialScenePresenterService.swift in Sources */,
				711C9ADA2B05BA3100E2A204 /* AppCoreContract.swift in Sources */,
				711C9AC22B05B8A600E2A204 /* AnimatedLabel.xcdatamodeld in Sources */,
				711C9AB82B05B8A600E2A204 /* AppDelegate.swift in Sources */,
				711C9AE52B05BB4900E2A204 /* AppUILayerStyleWorkerContract.swift in Sources */,
				711C9AEF2B05BCD500E2A204 /* ItemModel.swift in Sources */,
				711C9AF82B05BDB500E2A204 /* BaseViewController.swift in Sources */,
				711C9B082B05BDFE00E2A204 /* InitialScenePresenter.swift in Sources */,
				711C9AFA2B05BDD000E2A204 /* NibLoadableView.swift in Sources */,
				711C9B092B05BDFE00E2A204 /* InitialSceneRouterContract.swift in Sources */,
				711C9AE32B05BAD800E2A204 /* AppUILayerStyleWorker.swift in Sources */,
				711C9B0F2B05BDFE00E2A204 /* InitialSceneViewModel.swift in Sources */,
				711C9AF12B05BD0500E2A204 /* AppCore.swift in Sources */,
				711C9AEA2B05BC5500E2A204 /* AppUILayerDeviceWorker.swift in Sources */,
				711C9B0B2B05BDFE00E2A204 /* InitialSceneViewController.swift in Sources */,
				711C9B0D2B05BDFE00E2A204 /* InitialSceneInteractorService.swift in Sources */,
				711C9AD62B05B9EA00E2A204 /* AppRouter.swift in Sources */,
				711C9B112B05BDFE00E2A204 /* InitialSceneViewControllerContract.swift in Sources */,
				711C9AF42B05BD8300E2A204 /* Logger.swift in Sources */,
				711C9B0A2B05BDFE00E2A204 /* InitialSceneRouter.swift in Sources */,
				711C9ADD2B05BA7500E2A204 /* AppUILayerType.swift in Sources */,
				711C9ADF2B05BA9300E2A204 /* AppUILayer.swift in Sources */,
				711C9B0C2B05BDFE00E2A204 /* InitialSceneInteractor.swift in Sources */,
				711C9B0E2B05BDFE00E2A204 /* InitialSceneInteractorContract.swift in Sources */,
				711C9AE82B05BC3700E2A204 /* AppUILayerDeviceWorkerContract.swift in Sources */,
				711C9B122B05BDFE00E2A204 /* InitialScenePresenterContract.swift in Sources */,
			);
			runOnlyForDeploymentPostprocessing = 0;
		};
/* End PBXSourcesBuildPhase section */

/* Begin PBXVariantGroup section */
		711C9AC52B05B8A700E2A204 /* LaunchScreen.storyboard */ = {
			isa = PBXVariantGroup;
			children = (
				711C9AC62B05B8A700E2A204 /* Base */,
			);
			name = LaunchScreen.storyboard;
			sourceTree = "<group>";
		};
/* End PBXVariantGroup section */

/* Begin XCBuildConfiguration section */
		711C9AC92B05B8A700E2A204 /* Debug */ = {
			isa = XCBuildConfiguration;
			buildSettings = {
				ALWAYS_SEARCH_USER_PATHS = NO;
				ASSETCATALOG_COMPILER_GENERATE_SWIFT_ASSET_SYMBOL_EXTENSIONS = YES;
				CLANG_ANALYZER_NONNULL = YES;
				CLANG_ANALYZER_NUMBER_OBJECT_CONVERSION = YES_AGGRESSIVE;
				CLANG_CXX_LANGUAGE_STANDARD = "gnu++20";
				CLANG_ENABLE_MODULES = YES;
				CLANG_ENABLE_OBJC_ARC = YES;
				CLANG_ENABLE_OBJC_WEAK = YES;
				CLANG_WARN_BLOCK_CAPTURE_AUTORELEASING = YES;
				CLANG_WARN_BOOL_CONVERSION = YES;
				CLANG_WARN_COMMA = YES;
				CLANG_WARN_CONSTANT_CONVERSION = YES;
				CLANG_WARN_DEPRECATED_OBJC_IMPLEMENTATIONS = YES;
				CLANG_WARN_DIRECT_OBJC_ISA_USAGE = YES_ERROR;
				CLANG_WARN_DOCUMENTATION_COMMENTS = YES;
				CLANG_WARN_EMPTY_BODY = YES;
				CLANG_WARN_ENUM_CONVERSION = YES;
				CLANG_WARN_INFINITE_RECURSION = YES;
				CLANG_WARN_INT_CONVERSION = YES;
				CLANG_WARN_NON_LITERAL_NULL_CONVERSION = YES;
				CLANG_WARN_OBJC_IMPLICIT_RETAIN_SELF = YES;
				CLANG_WARN_OBJC_LITERAL_CONVERSION = YES;
				CLANG_WARN_OBJC_ROOT_CLASS = YES_ERROR;
				CLANG_WARN_QUOTED_INCLUDE_IN_FRAMEWORK_HEADER = YES;
				CLANG_WARN_RANGE_LOOP_ANALYSIS = YES;
				CLANG_WARN_STRICT_PROTOTYPES = YES;
				CLANG_WARN_SUSPICIOUS_MOVE = YES;
				CLANG_WARN_UNGUARDED_AVAILABILITY = YES_AGGRESSIVE;
				CLANG_WARN_UNREACHABLE_CODE = YES;
				CLANG_WARN__DUPLICATE_METHOD_MATCH = YES;
				COPY_PHASE_STRIP = NO;
				DEBUG_INFORMATION_FORMAT = dwarf;
				ENABLE_STRICT_OBJC_MSGSEND = YES;
				ENABLE_TESTABILITY = YES;
				ENABLE_USER_SCRIPT_SANDBOXING = YES;
				GCC_C_LANGUAGE_STANDARD = gnu17;
				GCC_DYNAMIC_NO_PIC = NO;
				GCC_NO_COMMON_BLOCKS = YES;
				GCC_OPTIMIZATION_LEVEL = 0;
				GCC_PREPROCESSOR_DEFINITIONS = (
					"DEBUG=1",
					"$(inherited)",
				);
				GCC_WARN_64_TO_32_BIT_CONVERSION = YES;
				GCC_WARN_ABOUT_RETURN_TYPE = YES_ERROR;
				GCC_WARN_UNDECLARED_SELECTOR = YES;
				GCC_WARN_UNINITIALIZED_AUTOS = YES_AGGRESSIVE;
				GCC_WARN_UNUSED_FUNCTION = YES;
				GCC_WARN_UNUSED_VARIABLE = YES;
				IPHONEOS_DEPLOYMENT_TARGET = 17.0;
				LOCALIZATION_PREFERS_STRING_CATALOGS = YES;
				MTL_ENABLE_DEBUG_INFO = INCLUDE_SOURCE;
				MTL_FAST_MATH = YES;
				ONLY_ACTIVE_ARCH = YES;
				SDKROOT = iphoneos;
				SWIFT_ACTIVE_COMPILATION_CONDITIONS = "DEBUG $(inherited)";
				SWIFT_OPTIMIZATION_LEVEL = "-Onone";
			};
			name = Debug;
		};
		711C9ACA2B05B8A700E2A204 /* Release */ = {
			isa = XCBuildConfiguration;
			buildSettings = {
				ALWAYS_SEARCH_USER_PATHS = NO;
				ASSETCATALOG_COMPILER_GENERATE_SWIFT_ASSET_SYMBOL_EXTENSIONS = YES;
				CLANG_ANALYZER_NONNULL = YES;
				CLANG_ANALYZER_NUMBER_OBJECT_CONVERSION = YES_AGGRESSIVE;
				CLANG_CXX_LANGUAGE_STANDARD = "gnu++20";
				CLANG_ENABLE_MODULES = YES;
				CLANG_ENABLE_OBJC_ARC = YES;
				CLANG_ENABLE_OBJC_WEAK = YES;
				CLANG_WARN_BLOCK_CAPTURE_AUTORELEASING = YES;
				CLANG_WARN_BOOL_CONVERSION = YES;
				CLANG_WARN_COMMA = YES;
				CLANG_WARN_CONSTANT_CONVERSION = YES;
				CLANG_WARN_DEPRECATED_OBJC_IMPLEMENTATIONS = YES;
				CLANG_WARN_DIRECT_OBJC_ISA_USAGE = YES_ERROR;
				CLANG_WARN_DOCUMENTATION_COMMENTS = YES;
				CLANG_WARN_EMPTY_BODY = YES;
				CLANG_WARN_ENUM_CONVERSION = YES;
				CLANG_WARN_INFINITE_RECURSION = YES;
				CLANG_WARN_INT_CONVERSION = YES;
				CLANG_WARN_NON_LITERAL_NULL_CONVERSION = YES;
				CLANG_WARN_OBJC_IMPLICIT_RETAIN_SELF = YES;
				CLANG_WARN_OBJC_LITERAL_CONVERSION = YES;
				CLANG_WARN_OBJC_ROOT_CLASS = YES_ERROR;
				CLANG_WARN_QUOTED_INCLUDE_IN_FRAMEWORK_HEADER = YES;
				CLANG_WARN_RANGE_LOOP_ANALYSIS = YES;
				CLANG_WARN_STRICT_PROTOTYPES = YES;
				CLANG_WARN_SUSPICIOUS_MOVE = YES;
				CLANG_WARN_UNGUARDED_AVAILABILITY = YES_AGGRESSIVE;
				CLANG_WARN_UNREACHABLE_CODE = YES;
				CLANG_WARN__DUPLICATE_METHOD_MATCH = YES;
				COPY_PHASE_STRIP = NO;
				DEBUG_INFORMATION_FORMAT = "dwarf-with-dsym";
				ENABLE_NS_ASSERTIONS = NO;
				ENABLE_STRICT_OBJC_MSGSEND = YES;
				ENABLE_USER_SCRIPT_SANDBOXING = YES;
				GCC_C_LANGUAGE_STANDARD = gnu17;
				GCC_NO_COMMON_BLOCKS = YES;
				GCC_WARN_64_TO_32_BIT_CONVERSION = YES;
				GCC_WARN_ABOUT_RETURN_TYPE = YES_ERROR;
				GCC_WARN_UNDECLARED_SELECTOR = YES;
				GCC_WARN_UNINITIALIZED_AUTOS = YES_AGGRESSIVE;
				GCC_WARN_UNUSED_FUNCTION = YES;
				GCC_WARN_UNUSED_VARIABLE = YES;
				IPHONEOS_DEPLOYMENT_TARGET = 17.0;
				LOCALIZATION_PREFERS_STRING_CATALOGS = YES;
				MTL_ENABLE_DEBUG_INFO = NO;
				MTL_FAST_MATH = YES;
				SDKROOT = iphoneos;
				SWIFT_COMPILATION_MODE = wholemodule;
				VALIDATE_PRODUCT = YES;
			};
			name = Release;
		};
		711C9ACC2B05B8A700E2A204 /* Debug */ = {
			isa = XCBuildConfiguration;
			buildSettings = {
				ASSETCATALOG_COMPILER_APPICON_NAME = AppIcon;
				ASSETCATALOG_COMPILER_GLOBAL_ACCENT_COLOR_NAME = AccentColor;
				CODE_SIGN_STYLE = Automatic;
				CURRENT_PROJECT_VERSION = 1;
				DEVELOPMENT_TEAM = 54L37Y4QC4;
				GENERATE_INFOPLIST_FILE = YES;
				INFOPLIST_FILE = AnimatedLabel/SupportingFiles/Info.plist;
				INFOPLIST_KEY_UIApplicationSupportsIndirectInputEvents = YES;
				INFOPLIST_KEY_UILaunchStoryboardName = LaunchScreen;
				INFOPLIST_KEY_UISupportedInterfaceOrientations_iPad = "UIInterfaceOrientationPortrait UIInterfaceOrientationPortraitUpsideDown UIInterfaceOrientationLandscapeLeft UIInterfaceOrientationLandscapeRight";
				INFOPLIST_KEY_UISupportedInterfaceOrientations_iPhone = "UIInterfaceOrientationPortrait UIInterfaceOrientationLandscapeLeft UIInterfaceOrientationLandscapeRight";
				IPHONEOS_DEPLOYMENT_TARGET = 13.0;
				LD_RUNPATH_SEARCH_PATHS = (
					"$(inherited)",
					"@executable_path/Frameworks",
				);
				MARKETING_VERSION = 1.0;
				PRODUCT_BUNDLE_IDENTIFIER = com.yarizzer.AnimatedLabel;
				PRODUCT_NAME = "$(TARGET_NAME)";
				SWIFT_EMIT_LOC_STRINGS = YES;
				SWIFT_VERSION = 5.0;
				TARGETED_DEVICE_FAMILY = "1,2";
			};
			name = Debug;
		};
		711C9ACD2B05B8A700E2A204 /* Release */ = {
			isa = XCBuildConfiguration;
			buildSettings = {
				ASSETCATALOG_COMPILER_APPICON_NAME = AppIcon;
				ASSETCATALOG_COMPILER_GLOBAL_ACCENT_COLOR_NAME = AccentColor;
				CODE_SIGN_STYLE = Automatic;
				CURRENT_PROJECT_VERSION = 1;
				DEVELOPMENT_TEAM = 54L37Y4QC4;
				GENERATE_INFOPLIST_FILE = YES;
				INFOPLIST_FILE = AnimatedLabel/SupportingFiles/Info.plist;
				INFOPLIST_KEY_UIApplicationSupportsIndirectInputEvents = YES;
				INFOPLIST_KEY_UILaunchStoryboardName = LaunchScreen;
				INFOPLIST_KEY_UISupportedInterfaceOrientations_iPad = "UIInterfaceOrientationPortrait UIInterfaceOrientationPortraitUpsideDown UIInterfaceOrientationLandscapeLeft UIInterfaceOrientationLandscapeRight";
				INFOPLIST_KEY_UISupportedInterfaceOrientations_iPhone = "UIInterfaceOrientationPortrait UIInterfaceOrientationLandscapeLeft UIInterfaceOrientationLandscapeRight";
				IPHONEOS_DEPLOYMENT_TARGET = 13.0;
				LD_RUNPATH_SEARCH_PATHS = (
					"$(inherited)",
					"@executable_path/Frameworks",
				);
				MARKETING_VERSION = 1.0;
				PRODUCT_BUNDLE_IDENTIFIER = com.yarizzer.AnimatedLabel;
				PRODUCT_NAME = "$(TARGET_NAME)";
				SWIFT_EMIT_LOC_STRINGS = YES;
				SWIFT_VERSION = 5.0;
				TARGETED_DEVICE_FAMILY = "1,2";
			};
			name = Release;
		};
/* End XCBuildConfiguration section */

/* Begin XCConfigurationList section */
		711C9AAF2B05B8A600E2A204 /* Build configuration list for PBXProject "AnimatedLabel" */ = {
			isa = XCConfigurationList;
			buildConfigurations = (
				711C9AC92B05B8A700E2A204 /* Debug */,
				711C9ACA2B05B8A700E2A204 /* Release */,
			);
			defaultConfigurationIsVisible = 0;
			defaultConfigurationName = Release;
		};
		711C9ACB2B05B8A700E2A204 /* Build configuration list for PBXNativeTarget "AnimatedLabel" */ = {
			isa = XCConfigurationList;
			buildConfigurations = (
				711C9ACC2B05B8A700E2A204 /* Debug */,
				711C9ACD2B05B8A700E2A204 /* Release */,
			);
			defaultConfigurationIsVisible = 0;
			defaultConfigurationName = Release;
		};
/* End XCConfigurationList section */

/* Begin XCVersionGroup section */
		711C9AC02B05B8A600E2A204 /* AnimatedLabel.xcdatamodeld */ = {
			isa = XCVersionGroup;
			children = (
				711C9AC12B05B8A600E2A204 /* AnimatedLabel.xcdatamodel */,
			);
			currentVersion = 711C9AC12B05B8A600E2A204 /* AnimatedLabel.xcdatamodel */;
			path = AnimatedLabel.xcdatamodeld;
			sourceTree = "<group>";
			versionGroupType = wrapper.xcdatamodel;
		};
/* End XCVersionGroup section */
	};
	rootObject = 711C9AAC2B05B8A600E2A204 /* Project object */;
}
